<?xml version="1.0" encoding="utf-8"?>
<Project ToolsVersion="4.0" xmlns="http://schemas.microsoft.com/developer/msbuild/2003">
  <ItemGroup>
    <Filter Include="Source Files">
      <UniqueIdentifier>{4FC737F1-C7A5-4376-A066-2A32D752A2FF}</UniqueIdentifier>
      <Extensions>cpp;c;cc;cxx;c++;cppm;ixx;def;odl;idl;hpj;bat;asm;asmx</Extensions>
    </Filter>
    <Filter Include="Header Files">
      <UniqueIdentifier>{93995380-89BD-4b04-88EB-625FBE52EBFB}</UniqueIdentifier>
      <Extensions>h;hh;hpp;hxx;h++;hm;inl;inc;ipp;xsd</Extensions>
    </Filter>
    <Filter Include="Resource Files">
      <UniqueIdentifier>{67DA6AB6-F800-4c08-8B7A-83BB121AAD01}</UniqueIdentifier>
      <Extensions>rc;ico;cur;bmp;dlg;rc2;rct;bin;rgs;gif;jpg;jpeg;jpe;resx;tiff;tif;png;wav;mfcribbon-ms</Extensions>
    </Filter>
  </ItemGroup>
  <ItemGroup>
    <ClCompile Include="main.cpp">
      <Filter>Source Files</Filter>
    </ClCompile>
    <ClCompile Include="MovieRental\Price.cpp">
      <Filter>Source Files</Filter>
    </ClCompile>
    <ClCompile Include="MovieRental\Movie.cpp">
      <Filter>Source Files</Filter>
    </ClCompile>
    <ClCompile Include="MovieRental\ChildrensPrice.cpp">
      <Filter>Source Files</Filter>
    </ClCompile>
    <ClCompile Include="MovieRental\NewReleasePrice.cpp">
      <Filter>Source Files</Filter>
    </ClCompile>
    <ClCompile Include="MovieRental\RegularPrice.cpp">
      <Filter>Source Files</Filter>
    </ClCompile>
    <ClCompile Include="MovieRental\Customer.cpp">
      <Filter>Source Files</Filter>
    </ClCompile>
    <ClCompile Include="MovieRental\Rental.cpp">
      <Filter>Source Files</Filter>
    </ClCompile>
    <ClCompile Include="Interceptor\Dispatcher.cpp">
      <Filter>Source Files</Filter>
    </ClCompile>
  </ItemGroup>
  <ItemGroup>
    <ClInclude Include="MovieRental\Price.h">
      <Filter>Header Files</Filter>
    </ClInclude>
    <ClInclude Include="MovieRental\Movie.h">
      <Filter>Header Files</Filter>
    </ClInclude>
    <ClInclude Include="MovieRental\MovieType.h">
      <Filter>Header Files</Filter>
    </ClInclude>
    <ClInclude Include="MovieRental\ChildrensPrice.h">
      <Filter>Header Files</Filter>
    </ClInclude>
    <ClInclude Include="MovieRental\NewReleasePrice.h">
      <Filter>Header Files</Filter>
    </ClInclude>
    <ClInclude Include="MovieRental\RegularPrice.h">
      <Filter>Header Files</Filter>
    </ClInclude>
    <ClInclude Include="MovieRental\Customer.h">
      <Filter>Header Files</Filter>
    </ClInclude>
    <ClInclude Include="MovieRental\Rental.h">
      <Filter>Header Files</Filter>
    </ClInclude>
    <ClInclude Include="Interceptor\IInterceptor.h">
      <Filter>Header Files</Filter>
    </ClInclude>
    <ClInclude Include="Interceptor\Dispatcher.h">
      <Filter>Header Files</Filter>
    </ClInclude>
  </ItemGroup>
</Project>